{
  "requires": true,
  "lockfileVersion": 1,
  "dependencies": {
    "postcss-value-parser": {
      "version": "4.0.3",
      "resolved": "https://registry.npmjs.org/postcss-value-parser/-/postcss-value-parser-4.0.3.tgz",
      "integrity": "sha512-N7h4pG+Nnu5BEIzyeaaIYWs0LI5XC40OrRh5L60z0QjFsqGWcHcbkBvpe1WYpcIS9yQ8sOi/vIPt1ejQCrMVrg=="
    },
    "rfs": {
      "version": "9.0.3",
      "resolved": "https://registry.npmjs.org/rfs/-/rfs-9.0.3.tgz",
      "integrity": "sha512-LL3eu6iqrJ0I/duHollplc2Tjc33AS7HmfqiAtHZD34Sq+L4+/96nYEN7YfT+vCLbeeB4mbMFpeg2mtxn5qNGA==",
      "requires": {
        "postcss-value-parser": "^4.0.3"
      }
    }
  }
}
